<?xml version="1.0" encoding="UTF-8" standalone="yes" ?>
<CodeBlocks_project_file>
	<FileVersion major="1" minor="6" />
	<Project>
		<Option title="T_rex" />
		<Option pch_mode="2" />
		<Option compiler="gcc" />
		<Build>
			<Target title="Debug">
				<Option output="bin/Debug/T_rex" prefix_auto="1" extension_auto="1" />
				<Option object_output="obj/Debug/" />
				<Option type="1" />
				<Option compiler="gcc" />
				<Compiler>
					<Add option="-g" />
					<Add directory="Graphic" />
					<Add directory="Mouse_Keyboard_event" />
					<Add directory="Entity" />
					<Add directory="Game_data" />
					<Add directory="Background" />
					<Add directory="Texture" />
					<Add directory="player" />
					<Add directory="Timer" />
					<Add directory="Graphics" />
					<Add directory="Sprite" />
				</Compiler>
			</Target>
			<Target title="Release">
				<Option output="bin/Release/T_rex" prefix_auto="1" extension_auto="1" />
				<Option object_output="obj/Release/" />
				<Option type="1" />
				<Option compiler="gcc" />
				<Compiler>
					<Add option="-O2" />
					<Add directory="Graphic" />
					<Add directory="Mouse_Keyboard_event" />
					<Add directory="Entity" />
					<Add directory="Game_data" />
					<Add directory="Background" />
					<Add directory="Texture" />
					<Add directory="player" />
					<Add directory="Timer" />
					<Add directory="Graphics" />
					<Add directory="Sprite" />
				</Compiler>
				<Linker>
					<Add option="-s" />
				</Linker>
			</Target>
		</Build>
		<Compiler>
			<Add option="-Wall" />
			<Add option="-fexceptions" />
		</Compiler>
		<Unit filename="Background/Background.h" />
		<Unit filename="Graphics/General.h" />
		<Unit filename="Graphics/LTexture.h" />
		<Unit filename="Sprite/Sprite.h" />
		<Unit filename="main.cpp" />
		<Extensions>
			<lib_finder disable_auto="1" />
		</Extensions>
	</Project>
</CodeBlocks_project_file>
